
Microsoft Visual Studio Solution File, Format Version 12.00
# Visual Studio Version 17
VisualStudioVersion = 17.4.33213.308
MinimumVisualStudioVersion = 10.0.40219.1
Project("{8BC9CEB8-8B4A-11D0-8D11-00A0C91BC942}") = "rnnoise-windows", "mic_passthrough\rnnoise-master\rnnoise_windows\Rnnoise-windows.vcxproj", "{A7BC8C57-1AAB-4C5D-B1B5-4117D1621C4B}"
EndProject
Project("{FAE04EC0-301F-11D3-BF4B-00C04F79EFBC}") = "MicrophonePassthroughGUI", "MicrophonePassthroughGUI.csproj", "{004BAC68-D38C-4D94-8AFA-CBB533193A8D}"
	ProjectSection(ProjectDependencies) = postProject
		{4791F5D2-9C29-45A0-9E14-065F21924B1E} = {4791F5D2-9C29-45A0-9E14-065F21924B1E}
		{A7BC8C57-1AAB-4C5D-B1B5-4117D1621C4B} = {A7BC8C57-1AAB-4C5D-B1B5-4117D1621C4B}
	EndProjectSection
EndProject
Project("{8BC9CEB8-8B4A-11D0-8D11-00A0C91BC942}") = "MIC_Passthrough", "mic_passthrough\MIC_Passthrough\MIC_Passthrough.vcxproj", "{4791F5D2-9C29-45A0-9E14-065F21924B1E}"
	ProjectSection(ProjectDependencies) = postProject
		{A7BC8C57-1AAB-4C5D-B1B5-4117D1621C4B} = {A7BC8C57-1AAB-4C5D-B1B5-4117D1621C4B}
	EndProjectSection
EndProject
Project("{8BC9CEB8-8B4A-11D0-8D11-00A0C91BC942}") = "RNNoiselib", "..\RNNoiselib\RNNoiselib.vcxproj", "{4C601FF0-1095-4CB5-9BB2-63F64A268389}"
	ProjectSection(ProjectDependencies) = postProject
		{4A37A950-F620-4333-B70B-473017B7B347} = {4A37A950-F620-4333-B70B-473017B7B347}
		{A7BC8C57-1AAB-4C5D-B1B5-4117D1621C4B} = {A7BC8C57-1AAB-4C5D-B1B5-4117D1621C4B}
	EndProjectSection
EndProject
Project("{8BC9CEB8-8B4A-11D0-8D11-00A0C91BC942}") = "Miniaudio", "..\Miniaudio\Miniaudio.vcxproj", "{4A37A950-F620-4333-B70B-473017B7B347}"
EndProject
Project("{8BC9CEB8-8B4A-11D0-8D11-00A0C91BC942}") = "MIC_Passthrough_Net", "mic_passthrough\MIC_Passthrough_Net\MIC_Passthrough_Net.vcxproj", "{5A746B25-CA8B-4D44-B8D2-72106B8A55D3}"
	ProjectSection(ProjectDependencies) = postProject
		{A7BC8C57-1AAB-4C5D-B1B5-4117D1621C4B} = {A7BC8C57-1AAB-4C5D-B1B5-4117D1621C4B}
	EndProjectSection
EndProject
Global
	GlobalSection(SolutionConfigurationPlatforms) = preSolution
		Debug|Any CPU = Debug|Any CPU
		Debug|x64 = Debug|x64
		Debug|x86 = Debug|x86
		Release|Any CPU = Release|Any CPU
		Release|x64 = Release|x64
		Release|x86 = Release|x86
	EndGlobalSection
	GlobalSection(ProjectConfigurationPlatforms) = postSolution
		{A7BC8C57-1AAB-4C5D-B1B5-4117D1621C4B}.Debug|Any CPU.ActiveCfg = Debug|x64
		{A7BC8C57-1AAB-4C5D-B1B5-4117D1621C4B}.Debug|Any CPU.Build.0 = Debug|x64
		{A7BC8C57-1AAB-4C5D-B1B5-4117D1621C4B}.Debug|x64.ActiveCfg = Debug|x64
		{A7BC8C57-1AAB-4C5D-B1B5-4117D1621C4B}.Debug|x64.Build.0 = Debug|x64
		{A7BC8C57-1AAB-4C5D-B1B5-4117D1621C4B}.Debug|x86.ActiveCfg = Debug|Win32
		{A7BC8C57-1AAB-4C5D-B1B5-4117D1621C4B}.Debug|x86.Build.0 = Debug|Win32
		{A7BC8C57-1AAB-4C5D-B1B5-4117D1621C4B}.Release|Any CPU.ActiveCfg = Release|x64
		{A7BC8C57-1AAB-4C5D-B1B5-4117D1621C4B}.Release|Any CPU.Build.0 = Release|x64
		{A7BC8C57-1AAB-4C5D-B1B5-4117D1621C4B}.Release|x64.ActiveCfg = Release|x64
		{A7BC8C57-1AAB-4C5D-B1B5-4117D1621C4B}.Release|x64.Build.0 = Release|x64
		{A7BC8C57-1AAB-4C5D-B1B5-4117D1621C4B}.Release|x86.ActiveCfg = Release|Win32
		{A7BC8C57-1AAB-4C5D-B1B5-4117D1621C4B}.Release|x86.Build.0 = Release|Win32
		{004BAC68-D38C-4D94-8AFA-CBB533193A8D}.Debug|Any CPU.ActiveCfg = Debug|Any CPU
		{004BAC68-D38C-4D94-8AFA-CBB533193A8D}.Debug|Any CPU.Build.0 = Debug|Any CPU
		{004BAC68-D38C-4D94-8AFA-CBB533193A8D}.Debug|x64.ActiveCfg = Debug|Any CPU
		{004BAC68-D38C-4D94-8AFA-CBB533193A8D}.Debug|x64.Build.0 = Debug|Any CPU
		{004BAC68-D38C-4D94-8AFA-CBB533193A8D}.Debug|x86.ActiveCfg = Debug|Any CPU
		{004BAC68-D38C-4D94-8AFA-CBB533193A8D}.Debug|x86.Build.0 = Debug|Any CPU
		{004BAC68-D38C-4D94-8AFA-CBB533193A8D}.Release|Any CPU.ActiveCfg = Release|Any CPU
		{004BAC68-D38C-4D94-8AFA-CBB533193A8D}.Release|Any CPU.Build.0 = Release|Any CPU
		{004BAC68-D38C-4D94-8AFA-CBB533193A8D}.Release|x64.ActiveCfg = Release|Any CPU
		{004BAC68-D38C-4D94-8AFA-CBB533193A8D}.Release|x64.Build.0 = Release|Any CPU
		{004BAC68-D38C-4D94-8AFA-CBB533193A8D}.Release|x86.ActiveCfg = Release|Any CPU
		{004BAC68-D38C-4D94-8AFA-CBB533193A8D}.Release|x86.Build.0 = Release|Any CPU
		{4791F5D2-9C29-45A0-9E14-065F21924B1E}.Debug|Any CPU.ActiveCfg = Debug|x64
		{4791F5D2-9C29-45A0-9E14-065F21924B1E}.Debug|Any CPU.Build.0 = Debug|x64
		{4791F5D2-9C29-45A0-9E14-065F21924B1E}.Debug|x64.ActiveCfg = Debug|x64
		{4791F5D2-9C29-45A0-9E14-065F21924B1E}.Debug|x64.Build.0 = Debug|x64
		{4791F5D2-9C29-45A0-9E14-065F21924B1E}.Debug|x86.ActiveCfg = Debug|Win32
		{4791F5D2-9C29-45A0-9E14-065F21924B1E}.Debug|x86.Build.0 = Debug|Win32
		{4791F5D2-9C29-45A0-9E14-065F21924B1E}.Release|Any CPU.ActiveCfg = Release|x64
		{4791F5D2-9C29-45A0-9E14-065F21924B1E}.Release|Any CPU.Build.0 = Release|x64
		{4791F5D2-9C29-45A0-9E14-065F21924B1E}.Release|x64.ActiveCfg = Release|x64
		{4791F5D2-9C29-45A0-9E14-065F21924B1E}.Release|x64.Build.0 = Release|x64
		{4791F5D2-9C29-45A0-9E14-065F21924B1E}.Release|x86.ActiveCfg = Release|Win32
		{4791F5D2-9C29-45A0-9E14-065F21924B1E}.Release|x86.Build.0 = Release|Win32
		{4C601FF0-1095-4CB5-9BB2-63F64A268389}.Debug|Any CPU.ActiveCfg = Debug|x64
		{4C601FF0-1095-4CB5-9BB2-63F64A268389}.Debug|Any CPU.Build.0 = Debug|x64
		{4C601FF0-1095-4CB5-9BB2-63F64A268389}.Debug|x64.ActiveCfg = Debug|x64
		{4C601FF0-1095-4CB5-9BB2-63F64A268389}.Debug|x64.Build.0 = Debug|x64
		{4C601FF0-1095-4CB5-9BB2-63F64A268389}.Debug|x86.ActiveCfg = Debug|Win32
		{4C601FF0-1095-4CB5-9BB2-63F64A268389}.Debug|x86.Build.0 = Debug|Win32
		{4C601FF0-1095-4CB5-9BB2-63F64A268389}.Release|Any CPU.ActiveCfg = Release|x64
		{4C601FF0-1095-4CB5-9BB2-63F64A268389}.Release|Any CPU.Build.0 = Release|x64
		{4C601FF0-1095-4CB5-9BB2-63F64A268389}.Release|x64.ActiveCfg = Release|x64
		{4C601FF0-1095-4CB5-9BB2-63F64A268389}.Release|x64.Build.0 = Release|x64
		{4C601FF0-1095-4CB5-9BB2-63F64A268389}.Release|x86.ActiveCfg = Release|Win32
		{4C601FF0-1095-4CB5-9BB2-63F64A268389}.Release|x86.Build.0 = Release|Win32
		{4A37A950-F620-4333-B70B-473017B7B347}.Debug|Any CPU.ActiveCfg = Debug|x64
		{4A37A950-F620-4333-B70B-473017B7B347}.Debug|Any CPU.Build.0 = Debug|x64
		{4A37A950-F620-4333-B70B-473017B7B347}.Debug|x64.ActiveCfg = Debug|x64
		{4A37A950-F620-4333-B70B-473017B7B347}.Debug|x64.Build.0 = Debug|x64
		{4A37A950-F620-4333-B70B-473017B7B347}.Debug|x86.ActiveCfg = Debug|Win32
		{4A37A950-F620-4333-B70B-473017B7B347}.Debug|x86.Build.0 = Debug|Win32
		{4A37A950-F620-4333-B70B-473017B7B347}.Release|Any CPU.ActiveCfg = Release|x64
		{4A37A950-F620-4333-B70B-473017B7B347}.Release|Any CPU.Build.0 = Release|x64
		{4A37A950-F620-4333-B70B-473017B7B347}.Release|x64.ActiveCfg = Release|x64
		{4A37A950-F620-4333-B70B-473017B7B347}.Release|x64.Build.0 = Release|x64
		{4A37A950-F620-4333-B70B-473017B7B347}.Release|x86.ActiveCfg = Release|Win32
		{4A37A950-F620-4333-B70B-473017B7B347}.Release|x86.Build.0 = Release|Win32
		{5A746B25-CA8B-4D44-B8D2-72106B8A55D3}.Debug|Any CPU.ActiveCfg = Debug|x64
		{5A746B25-CA8B-4D44-B8D2-72106B8A55D3}.Debug|Any CPU.Build.0 = Debug|x64
		{5A746B25-CA8B-4D44-B8D2-72106B8A55D3}.Debug|x64.ActiveCfg = Debug|x64
		{5A746B25-CA8B-4D44-B8D2-72106B8A55D3}.Debug|x64.Build.0 = Debug|x64
		{5A746B25-CA8B-4D44-B8D2-72106B8A55D3}.Debug|x86.ActiveCfg = Debug|Win32
		{5A746B25-CA8B-4D44-B8D2-72106B8A55D3}.Debug|x86.Build.0 = Debug|Win32
		{5A746B25-CA8B-4D44-B8D2-72106B8A55D3}.Release|Any CPU.ActiveCfg = Release|x64
		{5A746B25-CA8B-4D44-B8D2-72106B8A55D3}.Release|Any CPU.Build.0 = Release|x64
		{5A746B25-CA8B-4D44-B8D2-72106B8A55D3}.Release|x64.ActiveCfg = Release|x64
		{5A746B25-CA8B-4D44-B8D2-72106B8A55D3}.Release|x64.Build.0 = Release|x64
		{5A746B25-CA8B-4D44-B8D2-72106B8A55D3}.Release|x86.ActiveCfg = Release|Win32
		{5A746B25-CA8B-4D44-B8D2-72106B8A55D3}.Release|x86.Build.0 = Release|Win32
	EndGlobalSection
	GlobalSection(SolutionProperties) = preSolution
		HideSolutionNode = FALSE
	EndGlobalSection
	GlobalSection(ExtensibilityGlobals) = postSolution
		SolutionGuid = {40D82BE7-BD64-406A-A84F-FE5F040EF4CA}
	EndGlobalSection
EndGlobal
